
Microsoft Visual Studio Solution File, Format Version 12.00
# Visual Studio 15
VisualStudioVersion = 15.0.28307.168
MinimumVisualStudioVersion = 10.0.40219.1
Project("{F2A71F9B-5D33-465A-A702-920D77279786}") = "SLPretty", "src\SLPretty.fsproj", "{B4E65643-92CB-4A8D-88CC-CEF88AA7396B}"
EndProject
Project("{F2A71F9B-5D33-465A-A702-920D77279786}") = "SLPrettyTest", "test\SLPrettyTest.fsproj", "{F1EBB33E-73C1-4005-9EFA-F9080F26382B}"
EndProject
Global
	GlobalSection(SolutionConfigurationPlatforms) = preSolution
		Debug|Any CPU = Debug|Any CPU
		Release|Any CPU = Release|Any CPU
	EndGlobalSection
	GlobalSection(ProjectConfigurationPlatforms) = postSolution
		{B4E65643-92CB-4A8D-88CC-CEF88AA7396B}.Debug|Any CPU.ActiveCfg = Debug|Any CPU
		{B4E65643-92CB-4A8D-88CC-CEF88AA7396B}.Debug|Any CPU.Build.0 = Debug|Any CPU
		{B4E65643-92CB-4A8D-88CC-CEF88AA7396B}.Release|Any CPU.ActiveCfg = Release|Any CPU
		{B4E65643-92CB-4A8D-88CC-CEF88AA7396B}.Release|Any CPU.Build.0 = Release|Any CPU
		{F1EBB33E-73C1-4005-9EFA-F9080F26382B}.Debug|Any CPU.ActiveCfg = Debug|Any CPU
		{F1EBB33E-73C1-4005-9EFA-F9080F26382B}.Debug|Any CPU.Build.0 = Debug|Any CPU
		{F1EBB33E-73C1-4005-9EFA-F9080F26382B}.Release|Any CPU.ActiveCfg = Release|Any CPU
		{F1EBB33E-73C1-4005-9EFA-F9080F26382B}.Release|Any CPU.Build.0 = Release|Any CPU
	EndGlobalSection
	GlobalSection(SolutionProperties) = preSolution
		HideSolutionNode = FALSE
	EndGlobalSection
	GlobalSection(ExtensibilityGlobals) = postSolution
		SolutionGuid = {87D7C6EB-CCD0-4994-B964-3469AB3A3EC4}
	EndGlobalSection
EndGlobal
